// !$*UTF8*$!
{
	archiveVersion = 1;
	classes = {
	};
	objectVersion = 45;
	objects = {

/* Begin PBXBuildFile section */
		550EDEAF0E651B3B00A4C8A1 /* Speed.h in Headers */ = {isa = PBXBuildFile; fileRef = 550EDEAD0E651B3B00A4C8A1 /* Speed.h */; };
		550EDEB00E651B3B00A4C8A1 /* Speed.m in Sources */ = {isa = PBXBuildFile; fileRef = 550EDEAE0E651B3B00A4C8A1 /* Speed.m */; };
		557302F20E68FAE200E88032 /* SpeedLimit.png in Resources */ = {isa = PBXBuildFile; fileRef = 557302F10E68FAE200E88032 /* SpeedLimit.png */; };
		557302FB0E6903EC00E88032 /* SpeedLimiter in Resources */ = {isa = PBXBuildFile; fileRef = 557302F90E6903EC00E88032 /* SpeedLimiter */; };
		557303000E69042800E88032 /* Security.framework in Frameworks */ = {isa = PBXBuildFile; fileRef = 557302FF0E69042800E88032 /* Security.framework */; };
		7D14959F11481EF600F818D3 /* SpeedLimitMenuItem.tiff in Resources */ = {isa = PBXBuildFile; fileRef = 7D14959E11481EF600F818D3 /* SpeedLimitMenuItem.tiff */; };
		7D1495AA11481FC900F818D3 /* SpeedLimitMenuItemActive.tiff in Resources */ = {isa = PBXBuildFile; fileRef = 7D1495A911481FC900F818D3 /* SpeedLimitMenuItemActive.tiff */; };
		7D4665A811454F63003FB200 /* SpeedLimiter.m in Sources */ = {isa = PBXBuildFile; fileRef = 7D4665A711454F63003FB200 /* SpeedLimiter.m */; };
		7DD45A20114545AF00E7F445 /* SpeedLimiter in Resources */ = {isa = PBXBuildFile; fileRef = 557302F90E6903EC00E88032 /* SpeedLimiter */; };
		7DE1D8791145319A00322374 /* SpeedLimitAppDelegate.m in Sources */ = {isa = PBXBuildFile; fileRef = 7DE1D8781145319A00322374 /* SpeedLimitAppDelegate.m */; };
		7DE1D88E114532AA00322374 /* main.m in Sources */ = {isa = PBXBuildFile; fileRef = 7DE1D88D114532AA00322374 /* main.m */; };
		7DE1D8AC1145341600322374 /* MainMenu.xib in Resources */ = {isa = PBXBuildFile; fileRef = 7DE1D8AB1145341600322374 /* MainMenu.xib */; };
		7DE1D8C71145371900322374 /* SpeedLimitPref.tiff in Resources */ = {isa = PBXBuildFile; fileRef = F506C040013D9D8001CA16C8 /* SpeedLimitPref.tiff */; };
		7DE1D9161145394700322374 /* SpeedLimitWindow.xib in Resources */ = {isa = PBXBuildFile; fileRef = 7DE1D9151145394700322374 /* SpeedLimitWindow.xib */; };
		7DE1D91C11453A1100322374 /* SpeedLimitWindowController.m in Sources */ = {isa = PBXBuildFile; fileRef = 7DE1D91B11453A1100322374 /* SpeedLimitWindowController.m */; };
		7DE1D92411453C1800322374 /* Speed.m in Sources */ = {isa = PBXBuildFile; fileRef = 550EDEAE0E651B3B00A4C8A1 /* Speed.m */; };
		7DE1D92611453C1800322374 /* SLPort.m in Sources */ = {isa = PBXBuildFile; fileRef = EC5DAEED10C4928900E728BA /* SLPort.m */; };
		7DE1D95611453D4900322374 /* SpeedLimit.png in Resources */ = {isa = PBXBuildFile; fileRef = 557302F10E68FAE200E88032 /* SpeedLimit.png */; };
		7DE1DA8B11453F5E00322374 /* Cocoa.framework in Frameworks */ = {isa = PBXBuildFile; fileRef = 1058C7ADFEA557BF11CA2CBB /* Cocoa.framework */; };
		7DE1DA8C11453F6100322374 /* SecurityInterface.framework in Frameworks */ = {isa = PBXBuildFile; fileRef = 88F7EB77106C07D700745902 /* SecurityInterface.framework */; };
		7DE1DA8D11453F6400322374 /* Security.framework in Frameworks */ = {isa = PBXBuildFile; fileRef = 557302FF0E69042800E88032 /* Security.framework */; };
		88CC2648109BE8CF001F20AC /* InfoPlist.strings in Resources */ = {isa = PBXBuildFile; fileRef = 88CC2644109BE8CF001F20AC /* InfoPlist.strings */; };
		88CC2649109BE8CF001F20AC /* SpeedLimitPref.xib in Resources */ = {isa = PBXBuildFile; fileRef = 88CC2646109BE8CF001F20AC /* SpeedLimitPref.xib */; };
		88F7EB78106C07D700745902 /* SecurityInterface.framework in Frameworks */ = {isa = PBXBuildFile; fileRef = 88F7EB77106C07D700745902 /* SecurityInterface.framework */; };
		8D202CEA0486D31800D8A456 /* SpeedLimit_Prefix.pch in Headers */ = {isa = PBXBuildFile; fileRef = 32DBCFA20370C41700C91783 /* SpeedLimit_Prefix.pch */; };
		8D202CEB0486D31800D8A456 /* SpeedLimitPref.h in Headers */ = {isa = PBXBuildFile; fileRef = F506C03C013D9D7901CA16C8 /* SpeedLimitPref.h */; };
		8D202CEE0486D31800D8A456 /* SpeedLimitPref.tiff in Resources */ = {isa = PBXBuildFile; fileRef = F506C040013D9D8001CA16C8 /* SpeedLimitPref.tiff */; };
		8D202CF10486D31800D8A456 /* SpeedLimitPref.m in Sources */ = {isa = PBXBuildFile; fileRef = F506C03D013D9D7901CA16C8 /* SpeedLimitPref.m */; };
		8D202CF30486D31800D8A456 /* Cocoa.framework in Frameworks */ = {isa = PBXBuildFile; fileRef = 1058C7ADFEA557BF11CA2CBB /* Cocoa.framework */; };
		8D202CF40486D31800D8A456 /* PreferencePanes.framework in Frameworks */ = {isa = PBXBuildFile; fileRef = F506C035013D953901CA16C8 /* PreferencePanes.framework */; };
		EC5DAEEE10C4928900E728BA /* SLPort.h in Headers */ = {isa = PBXBuildFile; fileRef = EC5DAEEC10C4928900E728BA /* SLPort.h */; };
		EC5DAEEF10C4928900E728BA /* SLPort.m in Sources */ = {isa = PBXBuildFile; fileRef = EC5DAEED10C4928900E728BA /* SLPort.m */; };
/* End PBXBuildFile section */

/* Begin PBXFileReference section */
		089C1672FE841209C02AAC07 /* Foundation.framework */ = {isa = PBXFileReference; lastKnownFileType = wrapper.framework; name = Foundation.framework; path = /System/Library/Frameworks/Foundation.framework; sourceTree = "<absolute>"; };
		089C167FFE841241C02AAC07 /* AppKit.framework */ = {isa = PBXFileReference; lastKnownFileType = wrapper.framework; name = AppKit.framework; path = /System/Library/Frameworks/AppKit.framework; sourceTree = "<absolute>"; };
		1058C7ADFEA557BF11CA2CBB /* Cocoa.framework */ = {isa = PBXFileReference; lastKnownFileType = wrapper.framework; name = Cocoa.framework; path = /System/Library/Frameworks/Cocoa.framework; sourceTree = "<absolute>"; };
		32DBCFA20370C41700C91783 /* SpeedLimit_Prefix.pch */ = {isa = PBXFileReference; fileEncoding = 4; lastKnownFileType = sourcecode.c.h; path = SpeedLimit_Prefix.pch; sourceTree = "<group>"; };
		550EDEAD0E651B3B00A4C8A1 /* Speed.h */ = {isa = PBXFileReference; fileEncoding = 4; lastKnownFileType = sourcecode.c.h; path = Speed.h; sourceTree = "<group>"; };
		550EDEAE0E651B3B00A4C8A1 /* Speed.m */ = {isa = PBXFileReference; fileEncoding = 4; lastKnownFileType = sourcecode.c.objc; path = Speed.m; sourceTree = "<group>"; };
		557302F10E68FAE200E88032 /* SpeedLimit.png */ = {isa = PBXFileReference; lastKnownFileType = image.png; path = SpeedLimit.png; sourceTree = "<group>"; };
		557302F90E6903EC00E88032 /* SpeedLimiter */ = {isa = PBXFileReference; fileEncoding = 4; lastKnownFileType = text.script.sh; path = SpeedLimiter; sourceTree = "<group>"; };
		557302FF0E69042800E88032 /* Security.framework */ = {isa = PBXFileReference; lastKnownFileType = wrapper.framework; name = Security.framework; path = /System/Library/Frameworks/Security.framework; sourceTree = "<absolute>"; };
		7D14959E11481EF600F818D3 /* SpeedLimitMenuItem.tiff */ = {isa = PBXFileReference; lastKnownFileType = image.tiff; path = SpeedLimitMenuItem.tiff; sourceTree = "<group>"; };
		7D1495A911481FC900F818D3 /* SpeedLimitMenuItemActive.tiff */ = {isa = PBXFileReference; lastKnownFileType = image.tiff; path = SpeedLimitMenuItemActive.tiff; sourceTree = "<group>"; };
		7D4665A611454F63003FB200 /* SpeedLimiter.h */ = {isa = PBXFileReference; fileEncoding = 4; lastKnownFileType = sourcecode.c.h; path = SpeedLimiter.h; sourceTree = "<group>"; };
		7D4665A711454F63003FB200 /* SpeedLimiter.m */ = {isa = PBXFileReference; fileEncoding = 4; lastKnownFileType = sourcecode.c.objc; path = SpeedLimiter.m; sourceTree = "<group>"; };
		7D9011E3113EC9AB009ED3FC /* Speed Limit.app */ = {isa = PBXFileReference; explicitFileType = wrapper.application; includeInIndex = 0; path = "Speed Limit.app"; sourceTree = BUILT_PRODUCTS_DIR; };
		7D9011E5113EC9AC009ED3FC /* Speed Limit-Info.plist */ = {isa = PBXFileReference; lastKnownFileType = text.plist.xml; path = "Speed Limit-Info.plist"; sourceTree = "<group>"; };
		7DE1D8771145319A00322374 /* SpeedLimitAppDelegate.h */ = {isa = PBXFileReference; fileEncoding = 4; lastKnownFileType = sourcecode.c.h; path = SpeedLimitAppDelegate.h; sourceTree = "<group>"; };
		7DE1D8781145319A00322374 /* SpeedLimitAppDelegate.m */ = {isa = PBXFileReference; fileEncoding = 4; lastKnownFileType = sourcecode.c.objc; path = SpeedLimitAppDelegate.m; sourceTree = "<group>"; };
		7DE1D88D114532AA00322374 /* main.m */ = {isa = PBXFileReference; fileEncoding = 4; lastKnownFileType = sourcecode.c.objc; path = main.m; sourceTree = "<group>"; };
		7DE1D8AB1145341600322374 /* MainMenu.xib */ = {isa = PBXFileReference; lastKnownFileType = file.xib; path = MainMenu.xib; sourceTree = "<group>"; };
		7DE1D9151145394700322374 /* SpeedLimitWindow.xib */ = {isa = PBXFileReference; lastKnownFileType = file.xib; path = SpeedLimitWindow.xib; sourceTree = "<group>"; };
		7DE1D91A11453A1100322374 /* SpeedLimitWindowController.h */ = {isa = PBXFileReference; fileEncoding = 4; lastKnownFileType = sourcecode.c.h; path = SpeedLimitWindowController.h; sourceTree = "<group>"; };
		7DE1D91B11453A1100322374 /* SpeedLimitWindowController.m */ = {isa = PBXFileReference; fileEncoding = 4; lastKnownFileType = sourcecode.c.objc; path = SpeedLimitWindowController.m; sourceTree = "<group>"; };
		88CC2645109BE8CF001F20AC /* en */ = {isa = PBXFileReference; fileEncoding = 10; lastKnownFileType = text.plist.strings; name = en; path = en.lproj/InfoPlist.strings; sourceTree = "<group>"; };
		88CC2647109BE8CF001F20AC /* en */ = {isa = PBXFileReference; lastKnownFileType = file.xib; name = en; path = en.lproj/SpeedLimitPref.xib; sourceTree = "<group>"; };
		88F7EB77106C07D700745902 /* SecurityInterface.framework */ = {isa = PBXFileReference; lastKnownFileType = wrapper.framework; name = SecurityInterface.framework; path = /System/Library/Frameworks/SecurityInterface.framework; sourceTree = "<absolute>"; };
		8D202CF70486D31800D8A456 /* Info.plist */ = {isa = PBXFileReference; fileEncoding = 4; lastKnownFileType = text.plist; path = Info.plist; sourceTree = "<group>"; };
		8D202CF80486D31800D8A456 /* SpeedLimit.prefPane */ = {isa = PBXFileReference; explicitFileType = wrapper.cfbundle; includeInIndex = 0; path = SpeedLimit.prefPane; sourceTree = BUILT_PRODUCTS_DIR; };
		EC5DAEEC10C4928900E728BA /* SLPort.h */ = {isa = PBXFileReference; fileEncoding = 4; lastKnownFileType = sourcecode.c.h; path = SLPort.h; sourceTree = "<group>"; };
		EC5DAEED10C4928900E728BA /* SLPort.m */ = {isa = PBXFileReference; fileEncoding = 4; lastKnownFileType = sourcecode.c.objc; path = SLPort.m; sourceTree = "<group>"; };
		F506C035013D953901CA16C8 /* PreferencePanes.framework */ = {isa = PBXFileReference; lastKnownFileType = wrapper.framework; name = PreferencePanes.framework; path = /System/Library/Frameworks/PreferencePanes.framework; sourceTree = "<absolute>"; };
		F506C03C013D9D7901CA16C8 /* SpeedLimitPref.h */ = {isa = PBXFileReference; fileEncoding = 4; lastKnownFileType = sourcecode.c.h; path = SpeedLimitPref.h; sourceTree = "<group>"; };
		F506C03D013D9D7901CA16C8 /* SpeedLimitPref.m */ = {isa = PBXFileReference; fileEncoding = 4; lastKnownFileType = sourcecode.c.objc; path = SpeedLimitPref.m; sourceTree = "<group>"; };
		F506C040013D9D8001CA16C8 /* SpeedLimitPref.tiff */ = {isa = PBXFileReference; lastKnownFileType = image.tiff; path = SpeedLimitPref.tiff; sourceTree = "<group>"; };
/* End PBXFileReference section */

/* Begin PBXFrameworksBuildPhase section */
		7D9011E1113EC9AB009ED3FC /* Frameworks */ = {
			isa = PBXFrameworksBuildPhase;
			buildActionMask = 2147483647;
			files = (
				7DE1DA8D11453F6400322374 /* Security.framework in Frameworks */,
				7DE1DA8C11453F6100322374 /* SecurityInterface.framework in Frameworks */,
				7DE1DA8B11453F5E00322374 /* Cocoa.framework in Frameworks */,
			);
			runOnlyForDeploymentPostprocessing = 0;
		};
		8D202CF20486D31800D8A456 /* Frameworks */ = {
			isa = PBXFrameworksBuildPhase;
			buildActionMask = 2147483647;
			files = (
				8D202CF30486D31800D8A456 /* Cocoa.framework in Frameworks */,
				8D202CF40486D31800D8A456 /* PreferencePanes.framework in Frameworks */,
				557303000E69042800E88032 /* Security.framework in Frameworks */,
				88F7EB78106C07D700745902 /* SecurityInterface.framework in Frameworks */,
			);
			runOnlyForDeploymentPostprocessing = 0;
		};
/* End PBXFrameworksBuildPhase section */

/* Begin PBXGroup section */
		089C166AFE841209C02AAC07 /* SpeedLimit */ = {
			isa = PBXGroup;
			children = (
				08FB77AFFE84173DC02AAC07 /* Classes */,
				32DBCFA10370C40200C91783 /* Other Sources */,
				089C167CFE841241C02AAC07 /* Resources */,
				089C1671FE841209C02AAC07 /* Frameworks and Libraries */,
				19C28FB8FE9D52D311CA2CBB /* Products */,
				7D9011E5113EC9AC009ED3FC /* Speed Limit-Info.plist */,
			);
			name = SpeedLimit;
			sourceTree = "<group>";
		};
		089C1671FE841209C02AAC07 /* Frameworks and Libraries */ = {
			isa = PBXGroup;
			children = (
				1058C7ACFEA557BF11CA2CBB /* Linked Frameworks */,
				1058C7AEFEA557BF11CA2CBB /* Other Frameworks */,
			);
			name = "Frameworks and Libraries";
			sourceTree = "<group>";
		};
		089C167CFE841241C02AAC07 /* Resources */ = {
			isa = PBXGroup;
			children = (
				7D1495A911481FC900F818D3 /* SpeedLimitMenuItemActive.tiff */,
				7D14959E11481EF600F818D3 /* SpeedLimitMenuItem.tiff */,
				88CC2644109BE8CF001F20AC /* InfoPlist.strings */,
				88CC2646109BE8CF001F20AC /* SpeedLimitPref.xib */,
				557302F90E6903EC00E88032 /* SpeedLimiter */,
				557302F10E68FAE200E88032 /* SpeedLimit.png */,
				8D202CF70486D31800D8A456 /* Info.plist */,
				F506C040013D9D8001CA16C8 /* SpeedLimitPref.tiff */,
				7DE1D8AB1145341600322374 /* MainMenu.xib */,
				7DE1D9151145394700322374 /* SpeedLimitWindow.xib */,
			);
			name = Resources;
			sourceTree = "<group>";
		};
		08FB77AFFE84173DC02AAC07 /* Classes */ = {
			isa = PBXGroup;
			children = (
				F506C03C013D9D7901CA16C8 /* SpeedLimitPref.h */,
				F506C03D013D9D7901CA16C8 /* SpeedLimitPref.m */,
				550EDEAD0E651B3B00A4C8A1 /* Speed.h */,
				550EDEAE0E651B3B00A4C8A1 /* Speed.m */,
				EC5DAEEC10C4928900E728BA /* SLPort.h */,
				EC5DAEED10C4928900E728BA /* SLPort.m */,
				7DE1D8771145319A00322374 /* SpeedLimitAppDelegate.h */,
				7DE1D8781145319A00322374 /* SpeedLimitAppDelegate.m */,
				7DE1D91A11453A1100322374 /* SpeedLimitWindowController.h */,
				7DE1D91B11453A1100322374 /* SpeedLimitWindowController.m */,
				7D4665A611454F63003FB200 /* SpeedLimiter.h */,
				7D4665A711454F63003FB200 /* SpeedLimiter.m */,
			);
			name = Classes;
			sourceTree = "<group>";
		};
		1058C7ACFEA557BF11CA2CBB /* Linked Frameworks */ = {
			isa = PBXGroup;
			children = (
				88F7EB77106C07D700745902 /* SecurityInterface.framework */,
				557302FF0E69042800E88032 /* Security.framework */,
				1058C7ADFEA557BF11CA2CBB /* Cocoa.framework */,
				F506C035013D953901CA16C8 /* PreferencePanes.framework */,
			);
			name = "Linked Frameworks";
			sourceTree = "<group>";
		};
		1058C7AEFEA557BF11CA2CBB /* Other Frameworks */ = {
			isa = PBXGroup;
			children = (
				089C1672FE841209C02AAC07 /* Foundation.framework */,
				089C167FFE841241C02AAC07 /* AppKit.framework */,
			);
			name = "Other Frameworks";
			sourceTree = "<group>";
		};
		19C28FB8FE9D52D311CA2CBB /* Products */ = {
			isa = PBXGroup;
			children = (
				8D202CF80486D31800D8A456 /* SpeedLimit.prefPane */,
				7D9011E3113EC9AB009ED3FC /* Speed Limit.app */,
			);
			name = Products;
			sourceTree = "<group>";
		};
		32DBCFA10370C40200C91783 /* Other Sources */ = {
			isa = PBXGroup;
			children = (
				7DE1D88D114532AA00322374 /* main.m */,
				32DBCFA20370C41700C91783 /* SpeedLimit_Prefix.pch */,
			);
			name = "Other Sources";
			sourceTree = "<group>";
		};
/* End PBXGroup section */

/* Begin PBXHeadersBuildPhase section */
		8D202CE90486D31800D8A456 /* Headers */ = {
			isa = PBXHeadersBuildPhase;
			buildActionMask = 2147483647;
			files = (
				8D202CEA0486D31800D8A456 /* SpeedLimit_Prefix.pch in Headers */,
				8D202CEB0486D31800D8A456 /* SpeedLimitPref.h in Headers */,
				550EDEAF0E651B3B00A4C8A1 /* Speed.h in Headers */,
				EC5DAEEE10C4928900E728BA /* SLPort.h in Headers */,
			);
			runOnlyForDeploymentPostprocessing = 0;
		};
/* End PBXHeadersBuildPhase section */

/* Begin PBXNativeTarget section */
		7D9011E2113EC9AB009ED3FC /* Speed Limit */ = {
			isa = PBXNativeTarget;
			buildConfigurationList = 7D9011E8113EC9AC009ED3FC /* Build configuration list for PBXNativeTarget "Speed Limit" */;
			buildPhases = (
				7D9011DF113EC9AB009ED3FC /* Resources */,
				7D9011E0113EC9AB009ED3FC /* Sources */,
				7D9011E1113EC9AB009ED3FC /* Frameworks */,
			);
			buildRules = (
			);
			dependencies = (
			);
			name = "Speed Limit";
			productName = "Speed Limit";
			productReference = 7D9011E3113EC9AB009ED3FC /* Speed Limit.app */;
			productType = "com.apple.product-type.application";
		};
		8D202CE80486D31800D8A456 /* SpeedLimit */ = {
			isa = PBXNativeTarget;
			buildConfigurationList = 1DBD214808BA80EA00186707 /* Build configuration list for PBXNativeTarget "SpeedLimit" */;
			buildPhases = (
				8D202CE90486D31800D8A456 /* Headers */,
				8D202CEC0486D31800D8A456 /* Resources */,
				8D202CF00486D31800D8A456 /* Sources */,
				8D202CF20486D31800D8A456 /* Frameworks */,
				8D202CF50486D31800D8A456 /* Rez */,
			);
			buildRules = (
			);
			dependencies = (
			);
			name = SpeedLimit;
			productInstallPath = "$(HOME)/Library/PreferencePanes";
			productName = SpeedLimit;
			productReference = 8D202CF80486D31800D8A456 /* SpeedLimit.prefPane */;
			productType = "com.apple.product-type.bundle";
		};
/* End PBXNativeTarget section */

/* Begin PBXProject section */
		089C1669FE841209C02AAC07 /* Project object */ = {
			isa = PBXProject;
			buildConfigurationList = 1DBD214C08BA80EA00186707 /* Build configuration list for PBXProject "SpeedLimit" */;
			compatibilityVersion = "Xcode 3.1";
			developmentRegion = en;
			hasScannedForEncodings = 1;
			knownRegions = (
				English,
				Japanese,
				French,
				German,
				en,
			);
			mainGroup = 089C166AFE841209C02AAC07 /* SpeedLimit */;
			projectDirPath = "";
			projectRoot = "";
			targets = (
				8D202CE80486D31800D8A456 /* SpeedLimit */,
				7D9011E2113EC9AB009ED3FC /* Speed Limit */,
			);
		};
/* End PBXProject section */

/* Begin PBXResourcesBuildPhase section */
		7D9011DF113EC9AB009ED3FC /* Resources */ = {
			isa = PBXResourcesBuildPhase;
			buildActionMask = 2147483647;
			files = (
				7DD45A20114545AF00E7F445 /* SpeedLimiter in Resources */,
				7DE1D95611453D4900322374 /* SpeedLimit.png in Resources */,
				7DE1D8C71145371900322374 /* SpeedLimitPref.tiff in Resources */,
				7DE1D8AC1145341600322374 /* MainMenu.xib in Resources */,
				7DE1D9161145394700322374 /* SpeedLimitWindow.xib in Resources */,
				7D14959F11481EF600F818D3 /* SpeedLimitMenuItem.tiff in Resources */,
				7D1495AA11481FC900F818D3 /* SpeedLimitMenuItemActive.tiff in Resources */,
			);
			runOnlyForDeploymentPostprocessing = 0;
		};
		8D202CEC0486D31800D8A456 /* Resources */ = {
			isa = PBXResourcesBuildPhase;
			buildActionMask = 2147483647;
			files = (
				8D202CEE0486D31800D8A456 /* SpeedLimitPref.tiff in Resources */,
				557302F20E68FAE200E88032 /* SpeedLimit.png in Resources */,
				557302FB0E6903EC00E88032 /* SpeedLimiter in Resources */,
				88CC2648109BE8CF001F20AC /* InfoPlist.strings in Resources */,
				88CC2649109BE8CF001F20AC /* SpeedLimitPref.xib in Resources */,
			);
			runOnlyForDeploymentPostprocessing = 0;
		};
/* End PBXResourcesBuildPhase section */

/* Begin PBXRezBuildPhase section */
		8D202CF50486D31800D8A456 /* Rez */ = {
			isa = PBXRezBuildPhase;
			buildActionMask = 2147483647;
			files = (
			);
			runOnlyForDeploymentPostprocessing = 0;
		};
/* End PBXRezBuildPhase section */

/* Begin PBXSourcesBuildPhase section */
		7D9011E0113EC9AB009ED3FC /* Sources */ = {
			isa = PBXSourcesBuildPhase;
			buildActionMask = 2147483647;
			files = (
				7DE1D92411453C1800322374 /* Speed.m in Sources */,
				7DE1D92611453C1800322374 /* SLPort.m in Sources */,
				7DE1D8791145319A00322374 /* SpeedLimitAppDelegate.m in Sources */,
				7DE1D88E114532AA00322374 /* main.m in Sources */,
				7DE1D91C11453A1100322374 /* SpeedLimitWindowController.m in Sources */,
				7D4665A811454F63003FB200 /* SpeedLimiter.m in Sources */,
			);
			runOnlyForDeploymentPostprocessing = 0;
		};
		8D202CF00486D31800D8A456 /* Sources */ = {
			isa = PBXSourcesBuildPhase;
			buildActionMask = 2147483647;
			files = (
				8D202CF10486D31800D8A456 /* SpeedLimitPref.m in Sources */,
				550EDEB00E651B3B00A4C8A1 /* Speed.m in Sources */,
				EC5DAEEF10C4928900E728BA /* SLPort.m in Sources */,
			);
			runOnlyForDeploymentPostprocessing = 0;
		};
/* End PBXSourcesBuildPhase section */

/* Begin PBXVariantGroup section */
		88CC2644109BE8CF001F20AC /* InfoPlist.strings */ = {
			isa = PBXVariantGroup;
			children = (
				88CC2645109BE8CF001F20AC /* en */,
			);
			name = InfoPlist.strings;
			sourceTree = SOURCE_ROOT;
		};
		88CC2646109BE8CF001F20AC /* SpeedLimitPref.xib */ = {
			isa = PBXVariantGroup;
			children = (
				88CC2647109BE8CF001F20AC /* en */,
			);
			name = SpeedLimitPref.xib;
			sourceTree = SOURCE_ROOT;
		};
/* End PBXVariantGroup section */

/* Begin XCBuildConfiguration section */
		1DBD214908BA80EA00186707 /* Debug */ = {
			isa = XCBuildConfiguration;
			buildSettings = {
				COPY_PHASE_STRIP = NO;
				GCC_DYNAMIC_NO_PIC = NO;
				GCC_ENABLE_FIX_AND_CONTINUE = YES;
				GCC_MODEL_TUNING = G5;
				GCC_OPTIMIZATION_LEVEL = 0;
				GCC_PRECOMPILE_PREFIX_HEADER = YES;
				GCC_PREFIX_HEADER = SpeedLimit_Prefix.pch;
				INFOPLIST_FILE = Info.plist;
				INSTALL_PATH = "$(HOME)/Library/PreferencePanes";
				PRODUCT_NAME = SpeedLimit;
				WRAPPER_EXTENSION = prefPane;
				ZERO_LINK = YES;
			};
			name = Debug;
		};
		1DBD214A08BA80EA00186707 /* Release */ = {
			isa = XCBuildConfiguration;
			buildSettings = {
				DEBUG_INFORMATION_FORMAT = "dwarf-with-dsym";
				GCC_MODEL_TUNING = G5;
				GCC_PRECOMPILE_PREFIX_HEADER = YES;
				GCC_PREFIX_HEADER = SpeedLimit_Prefix.pch;
				INFOPLIST_FILE = Info.plist;
				INSTALL_PATH = "$(HOME)/Library/PreferencePanes";
				PRODUCT_NAME = SpeedLimit;
				WRAPPER_EXTENSION = prefPane;
			};
			name = Release;
		};
		1DBD214D08BA80EA00186707 /* Debug */ = {
			isa = XCBuildConfiguration;
			buildSettings = {
				ARCHS = "$(ARCHS_STANDARD_32_64_BIT)";
				GCC_C_LANGUAGE_STANDARD = c99;
				GCC_ENABLE_OBJC_GC = supported;
				GCC_WARN_ABOUT_RETURN_TYPE = YES;
				GCC_WARN_UNUSED_VARIABLE = YES;
				MACOSX_DEPLOYMENT_TARGET = 10.5;
				ONLY_ACTIVE_ARCH = NO;
				PREBINDING = NO;
			};
			name = Debug;
		};
		1DBD214E08BA80EA00186707 /* Release */ = {
			isa = XCBuildConfiguration;
			buildSettings = {
				ARCHS = "$(ARCHS_STANDARD_32_64_BIT)";
				GCC_C_LANGUAGE_STANDARD = c99;
				GCC_ENABLE_OBJC_GC = supported;
				GCC_WARN_ABOUT_RETURN_TYPE = YES;
				GCC_WARN_UNUSED_VARIABLE = YES;
				MACOSX_DEPLOYMENT_TARGET = 10.5;
				ONLY_ACTIVE_ARCH = NO;
				PREBINDING = NO;
			};
			name = Release;
		};
		7D9011E6113EC9AC009ED3FC /* Debug */ = {
			isa = XCBuildConfiguration;
			buildSettings = {
				ALWAYS_SEARCH_USER_PATHS = NO;
				COPY_PHASE_STRIP = NO;
				GCC_DYNAMIC_NO_PIC = NO;
				GCC_ENABLE_FIX_AND_CONTINUE = YES;
				GCC_MODEL_TUNING = G5;
				GCC_OPTIMIZATION_LEVEL = 0;
				GCC_PRECOMPILE_PREFIX_HEADER = YES;
				GCC_PREFIX_HEADER = "$(SYSTEM_LIBRARY_DIR)/Frameworks/AppKit.framework/Headers/AppKit.h";
				INFOPLIST_FILE = "Speed Limit-Info.plist";
				INSTALL_PATH = "$(HOME)/Applications";
				OTHER_LDFLAGS = (
					"-framework",
					Foundation,
					"-framework",
					AppKit,
				);
				PREBINDING = NO;
				PRODUCT_NAME = "Speed Limit";
			};
			name = Debug;
		};
		7D9011E7113EC9AC009ED3FC /* Release */ = {
			isa = XCBuildConfiguration;
			buildSettings = {
				ALWAYS_SEARCH_USER_PATHS = NO;
				COPY_PHASE_STRIP = YES;
				DEBUG_INFORMATION_FORMAT = "dwarf-with-dsym";
				GCC_ENABLE_FIX_AND_CONTINUE = NO;
				GCC_MODEL_TUNING = G5;
				GCC_PRECOMPILE_PREFIX_HEADER = YES;
				GCC_PREFIX_HEADER = "$(SYSTEM_LIBRARY_DIR)/Frameworks/AppKit.framework/Headers/AppKit.h";
				INFOPLIST_FILE = "Speed Limit-Info.plist";
				INSTALL_PATH = "$(HOME)/Applications";
				OTHER_LDFLAGS = (
					"-framework",
					Foundation,
					"-framework",
					AppKit,
				);
				PREBINDING = NO;
				PRODUCT_NAME = "Speed Limit";
				ZERO_LINK = NO;
			};
			name = Release;
		};
/* End XCBuildConfiguration section */

/* Begin XCConfigurationList section */
		1DBD214808BA80EA00186707 /* Build configuration list for PBXNativeTarget "SpeedLimit" */ = {
			isa = XCConfigurationList;
			buildConfigurations = (
				1DBD214908BA80EA00186707 /* Debug */,
				1DBD214A08BA80EA00186707 /* Release */,
			);
			defaultConfigurationIsVisible = 0;
			defaultConfigurationName = Release;
		};
		1DBD214C08BA80EA00186707 /* Build configuration list for PBXProject "SpeedLimit" */ = {
			isa = XCConfigurationList;
			buildConfigurations = (
				1DBD214D08BA80EA00186707 /* Debug */,
				1DBD214E08BA80EA00186707 /* Release */,
			);
			defaultConfigurationIsVisible = 0;
			defaultConfigurationName = Release;
		};
		7D9011E8113EC9AC009ED3FC /* Build configuration list for PBXNativeTarget "Speed Limit" */ = {
			isa = XCConfigurationList;
			buildConfigurations = (
				7D9011E6113EC9AC009ED3FC /* Debug */,
				7D9011E7113EC9AC009ED3FC /* Release */,
			);
			defaultConfigurationIsVisible = 0;
			defaultConfigurationName = Release;
		};
/* End XCConfigurationList section */
	};
	rootObject = 089C1669FE841209C02AAC07 /* Project object */;
}
